// !$*UTF8*$!
{
	archiveVersion = 1;
	classes = {
	};
	objectVersion = 56;
	objects = {

/* Begin PBXBuildFile section */
		6CACD7EC2C62799C00601965 /* GameDropsApp.swift in Sources */ = {isa = PBXBuildFile; fileRef = 6CACD7EB2C62799C00601965 /* GameDropsApp.swift */; };
		6CACD7EE2C62799C00601965 /* ContentView.swift in Sources */ = {isa = PBXBuildFile; fileRef = 6CACD7ED2C62799C00601965 /* ContentView.swift */; };
		6CACD7F02C6279A400601965 /* Assets.xcassets in Resources */ = {isa = PBXBuildFile; fileRef = 6CACD7EF2C6279A400601965 /* Assets.xcassets */; };
		6CACD7F32C6279A400601965 /* Preview Assets.xcassets in Resources */ = {isa = PBXBuildFile; fileRef = 6CACD7F22C6279A400601965 /* Preview Assets.xcassets */; };
		6CE3C48E2C66DC9300583C61 /* CircleProfileImageWithEditButton.swift in Sources */ = {isa = PBXBuildFile; fileRef = 6CE3C48D2C66DC9300583C61 /* CircleProfileImageWithEditButton.swift */; };
		6CED82B52C689C2100380CAB /* Top3View.swift in Sources */ = {isa = PBXBuildFile; fileRef = 6CED82B42C689C2100380CAB /* Top3View.swift */; };
		6CED82BD2C696C8100380CAB /* Extensions.swift in Sources */ = {isa = PBXBuildFile; fileRef = 6CED82BC2C696C8100380CAB /* Extensions.swift */; };
		6CED82BF2C696F1F00380CAB /* TopLevelView.swift in Sources */ = {isa = PBXBuildFile; fileRef = 6CED82BE2C696F1F00380CAB /* TopLevelView.swift */; };
		6CED82C12C696FEC00380CAB /* CircleProfileImage.swift in Sources */ = {isa = PBXBuildFile; fileRef = 6CED82C02C696FEC00380CAB /* CircleProfileImage.swift */; };
		6CED82C32C698F0C00380CAB /* InviteFriendsView.swift in Sources */ = {isa = PBXBuildFile; fileRef = 6CED82C22C698F0C00380CAB /* InviteFriendsView.swift */; };
		6CED82C52C6A6D4D00380CAB /* ChooseAvatarView.swift in Sources */ = {isa = PBXBuildFile; fileRef = 6CED82C42C6A6D4D00380CAB /* ChooseAvatarView.swift */; };
		6CFC663B2C627F5D00D96D98 /* gamesView.swift in Sources */ = {isa = PBXBuildFile; fileRef = 6CFC663A2C627F5D00D96D98 /* gamesView.swift */; };
		6CFC663D2C66CBE600D96D98 /* OptionsView.swift in Sources */ = {isa = PBXBuildFile; fileRef = 6CFC663C2C66CBE600D96D98 /* OptionsView.swift */; };
/* End PBXBuildFile section */

/* Begin PBXFileReference section */
		6CACD7E82C62799C00601965 /* GameDrops.app */ = {isa = PBXFileReference; explicitFileType = wrapper.application; includeInIndex = 0; path = GameDrops.app; sourceTree = BUILT_PRODUCTS_DIR; };
		6CACD7EB2C62799C00601965 /* GameDropsApp.swift */ = {isa = PBXFileReference; lastKnownFileType = sourcecode.swift; path = GameDropsApp.swift; sourceTree = "<group>"; };
		6CACD7ED2C62799C00601965 /* ContentView.swift */ = {isa = PBXFileReference; lastKnownFileType = sourcecode.swift; path = ContentView.swift; sourceTree = "<group>"; };
		6CACD7EF2C6279A400601965 /* Assets.xcassets */ = {isa = PBXFileReference; lastKnownFileType = folder.assetcatalog; path = Assets.xcassets; sourceTree = "<group>"; };
		6CACD7F22C6279A400601965 /* Preview Assets.xcassets */ = {isa = PBXFileReference; lastKnownFileType = folder.assetcatalog; path = "Preview Assets.xcassets"; sourceTree = "<group>"; };
		6CE3C48D2C66DC9300583C61 /* CircleProfileImageWithEditButton.swift */ = {isa = PBXFileReference; lastKnownFileType = sourcecode.swift; path = CircleProfileImageWithEditButton.swift; sourceTree = "<group>"; };
		6CED82B42C689C2100380CAB /* Top3View.swift */ = {isa = PBXFileReference; lastKnownFileType = sourcecode.swift; path = Top3View.swift; sourceTree = "<group>"; };
		6CED82BC2C696C8100380CAB /* Extensions.swift */ = {isa = PBXFileReference; lastKnownFileType = sourcecode.swift; path = Extensions.swift; sourceTree = "<group>"; };
		6CED82BE2C696F1F00380CAB /* TopLevelView.swift */ = {isa = PBXFileReference; lastKnownFileType = sourcecode.swift; path = TopLevelView.swift; sourceTree = "<group>"; };
		6CED82C02C696FEC00380CAB /* CircleProfileImage.swift */ = {isa = PBXFileReference; lastKnownFileType = sourcecode.swift; path = CircleProfileImage.swift; sourceTree = "<group>"; };
		6CED82C22C698F0C00380CAB /* InviteFriendsView.swift */ = {isa = PBXFileReference; lastKnownFileType = sourcecode.swift; path = InviteFriendsView.swift; sourceTree = "<group>"; };
		6CED82C42C6A6D4D00380CAB /* ChooseAvatarView.swift */ = {isa = PBXFileReference; lastKnownFileType = sourcecode.swift; path = ChooseAvatarView.swift; sourceTree = "<group>"; };
		6CFC663A2C627F5D00D96D98 /* gamesView.swift */ = {isa = PBXFileReference; lastKnownFileType = sourcecode.swift; path = gamesView.swift; sourceTree = "<group>"; };
		6CFC663C2C66CBE600D96D98 /* OptionsView.swift */ = {isa = PBXFileReference; lastKnownFileType = sourcecode.swift; path = OptionsView.swift; sourceTree = "<group>"; };
/* End PBXFileReference section */

/* Begin PBXFrameworksBuildPhase section */
		6CACD7E52C62799C00601965 /* Frameworks */ = {
			isa = PBXFrameworksBuildPhase;
			buildActionMask = 2147483647;
			files = (
			);
			runOnlyForDeploymentPostprocessing = 0;
		};
/* End PBXFrameworksBuildPhase section */

/* Begin PBXGroup section */
		6CACD7DF2C62799C00601965 = {
			isa = PBXGroup;
			children = (
				6CACD7EA2C62799C00601965 /* GameDrops */,
				6CACD7E92C62799C00601965 /* Products */,
			);
			sourceTree = "<group>";
		};
		6CACD7E92C62799C00601965 /* Products */ = {
			isa = PBXGroup;
			children = (
				6CACD7E82C62799C00601965 /* GameDrops.app */,
			);
			name = Products;
			sourceTree = "<group>";
		};
		6CACD7EA2C62799C00601965 /* GameDrops */ = {
			isa = PBXGroup;
			children = (
				6CACD7EB2C62799C00601965 /* GameDropsApp.swift */,
				6CACD7ED2C62799C00601965 /* ContentView.swift */,
				6CACD7EF2C6279A400601965 /* Assets.xcassets */,
				6CACD7F12C6279A400601965 /* Preview Content */,
				6CFC663A2C627F5D00D96D98 /* gamesView.swift */,
				6CFC663C2C66CBE600D96D98 /* OptionsView.swift */,
				6CE3C48D2C66DC9300583C61 /* CircleProfileImageWithEditButton.swift */,
				6CED82C02C696FEC00380CAB /* CircleProfileImage.swift */,
				6CED82B42C689C2100380CAB /* Top3View.swift */,
				6CED82BE2C696F1F00380CAB /* TopLevelView.swift */,
				6CED82C22C698F0C00380CAB /* InviteFriendsView.swift */,
				6CED82C42C6A6D4D00380CAB /* ChooseAvatarView.swift */,
				6CED82BC2C696C8100380CAB /* Extensions.swift */,
			);
			path = GameDrops;
			sourceTree = "<group>";
		};
		6CACD7F12C6279A400601965 /* Preview Content */ = {
			isa = PBXGroup;
			children = (
				6CACD7F22C6279A400601965 /* Preview Assets.xcassets */,
			);
			path = "Preview Content";
			sourceTree = "<group>";
		};
/* End PBXGroup section */

/* Begin PBXNativeTarget section */
		6CACD7E72C62799C00601965 /* GameDrops */ = {
			isa = PBXNativeTarget;
			buildConfigurationList = 6CACD7F62C6279A400601965 /* Build configuration list for PBXNativeTarget "GameDrops" */;
			buildPhases = (
				6CACD7E42C62799C00601965 /* Sources */,
				6CACD7E52C62799C00601965 /* Frameworks */,
				6CACD7E62C62799C00601965 /* Resources */,
			);
			buildRules = (
			);
			dependencies = (
			);
			name = GameDrops;
			productName = GameDrops;
			productReference = 6CACD7E82C62799C00601965 /* GameDrops.app */;
			productType = "com.apple.product-type.application";
		};
/* End PBXNativeTarget section */

/* Begin PBXProject section */
		6CACD7E02C62799C00601965 /* Project object */ = {
			isa = PBXProject;
			attributes = {
				BuildIndependentTargetsInParallel = 1;
				LastSwiftUpdateCheck = 1540;
				LastUpgradeCheck = 1540;
				TargetAttributes = {
					6CACD7E72C62799C00601965 = {
						CreatedOnToolsVersion = 15.4;
					};
				};
			};
			buildConfigurationList = 6CACD7E32C62799C00601965 /* Build configuration list for PBXProject "GameDrops" */;
			compatibilityVersion = "Xcode 14.0";
			developmentRegion = en;
			hasScannedForEncodings = 0;
			knownRegions = (
				en,
				Base,
			);
			mainGroup = 6CACD7DF2C62799C00601965;
			productRefGroup = 6CACD7E92C62799C00601965 /* Products */;
			projectDirPath = "";
			projectRoot = "";
			targets = (
				6CACD7E72C62799C00601965 /* GameDrops */,
			);
		};
/* End PBXProject section */

/* Begin PBXResourcesBuildPhase section */
		6CACD7E62C62799C00601965 /* Resources */ = {
			isa = PBXResourcesBuildPhase;
			buildActionMask = 2147483647;
			files = (
				6CACD7F32C6279A400601965 /* Preview Assets.xcassets in Resources */,
				6CACD7F02C6279A400601965 /* Assets.xcassets in Resources */,
			);
			runOnlyForDeploymentPostprocessing = 0;
		};
/* End PBXResourcesBuildPhase section */

/* Begin PBXSourcesBuildPhase section */
		6CACD7E42C62799C00601965 /* Sources */ = {
			isa = PBXSourcesBuildPhase;
			buildActionMask = 2147483647;
			files = (
				6CED82BF2C696F1F00380CAB /* TopLevelView.swift in Sources */,
				6CED82B52C689C2100380CAB /* Top3View.swift in Sources */,
				6CE3C48E2C66DC9300583C61 /* CircleProfileImageWithEditButton.swift in Sources */,
				6CED82BD2C696C8100380CAB /* Extensions.swift in Sources */,
				6CFC663B2C627F5D00D96D98 /* gamesView.swift in Sources */,
				6CACD7EE2C62799C00601965 /* ContentView.swift in Sources */,
				6CACD7EC2C62799C00601965 /* GameDropsApp.swift in Sources */,
				6CFC663D2C66CBE600D96D98 /* OptionsView.swift in Sources */,
				6CED82C12C696FEC00380CAB /* CircleProfileImage.swift in Sources */,
				6CED82C32C698F0C00380CAB /* InviteFriendsView.swift in Sources */,
				6CED82C52C6A6D4D00380CAB /* ChooseAvatarView.swift in Sources */,
			);
			runOnlyForDeploymentPostprocessing = 0;
		};
/* End PBXSourcesBuildPhase section */

/* Begin XCBuildConfiguration section */
		6CACD7F42C6279A400601965 /* Debug */ = {
			isa = XCBuildConfiguration;
			buildSettings = {
				ALWAYS_SEARCH_USER_PATHS = NO;
				ASSETCATALOG_COMPILER_GENERATE_SWIFT_ASSET_SYMBOL_EXTENSIONS = YES;
				CLANG_ANALYZER_NONNULL = YES;
				CLANG_ANALYZER_NUMBER_OBJECT_CONVERSION = YES_AGGRESSIVE;
				CLANG_CXX_LANGUAGE_STANDARD = "gnu++20";
				CLANG_ENABLE_MODULES = YES;
				CLANG_ENABLE_OBJC_ARC = YES;
				CLANG_ENABLE_OBJC_WEAK = YES;
				CLANG_WARN_BLOCK_CAPTURE_AUTORELEASING = YES;
				CLANG_WARN_BOOL_CONVERSION = YES;
				CLANG_WARN_COMMA = YES;
				CLANG_WARN_CONSTANT_CONVERSION = YES;
				CLANG_WARN_DEPRECATED_OBJC_IMPLEMENTATIONS = YES;
				CLANG_WARN_DIRECT_OBJC_ISA_USAGE = YES_ERROR;
				CLANG_WARN_DOCUMENTATION_COMMENTS = YES;
				CLANG_WARN_EMPTY_BODY = YES;
				CLANG_WARN_ENUM_CONVERSION = YES;
				CLANG_WARN_INFINITE_RECURSION = YES;
				CLANG_WARN_INT_CONVERSION = YES;
				CLANG_WARN_NON_LITERAL_NULL_CONVERSION = YES;
				CLANG_WARN_OBJC_IMPLICIT_RETAIN_SELF = YES;
				CLANG_WARN_OBJC_LITERAL_CONVERSION = YES;
				CLANG_WARN_OBJC_ROOT_CLASS = YES_ERROR;
				CLANG_WARN_QUOTED_INCLUDE_IN_FRAMEWORK_HEADER = YES;
				CLANG_WARN_RANGE_LOOP_ANALYSIS = YES;
				CLANG_WARN_STRICT_PROTOTYPES = YES;
				CLANG_WARN_SUSPICIOUS_MOVE = YES;
				CLANG_WARN_UNGUARDED_AVAILABILITY = YES_AGGRESSIVE;
				CLANG_WARN_UNREACHABLE_CODE = YES;
				CLANG_WARN__DUPLICATE_METHOD_MATCH = YES;
				COPY_PHASE_STRIP = NO;
				DEBUG_INFORMATION_FORMAT = dwarf;
				ENABLE_STRICT_OBJC_MSGSEND = YES;
				ENABLE_TESTABILITY = YES;
				ENABLE_USER_SCRIPT_SANDBOXING = YES;
				GCC_C_LANGUAGE_STANDARD = gnu17;
				GCC_DYNAMIC_NO_PIC = NO;
				GCC_NO_COMMON_BLOCKS = YES;
				GCC_OPTIMIZATION_LEVEL = 0;
				GCC_PREPROCESSOR_DEFINITIONS = (
					"DEBUG=1",
					"$(inherited)",
				);
				GCC_WARN_64_TO_32_BIT_CONVERSION = YES;
				GCC_WARN_ABOUT_RETURN_TYPE = YES_ERROR;
				GCC_WARN_UNDECLARED_SELECTOR = YES;
				GCC_WARN_UNINITIALIZED_AUTOS = YES_AGGRESSIVE;
				GCC_WARN_UNUSED_FUNCTION = YES;
				GCC_WARN_UNUSED_VARIABLE = YES;
				IPHONEOS_DEPLOYMENT_TARGET = 17.5;
				LOCALIZATION_PREFERS_STRING_CATALOGS = YES;
				MTL_ENABLE_DEBUG_INFO = INCLUDE_SOURCE;
				MTL_FAST_MATH = YES;
				ONLY_ACTIVE_ARCH = YES;
				SDKROOT = iphoneos;
				SWIFT_ACTIVE_COMPILATION_CONDITIONS = "DEBUG $(inherited)";
				SWIFT_OPTIMIZATION_LEVEL = "-Onone";
			};
			name = Debug;
		};
		6CACD7F52C6279A400601965 /* Release */ = {
			isa = XCBuildConfiguration;
			buildSettings = {
				ALWAYS_SEARCH_USER_PATHS = NO;
				ASSETCATALOG_COMPILER_GENERATE_SWIFT_ASSET_SYMBOL_EXTENSIONS = YES;
				CLANG_ANALYZER_NONNULL = YES;
				CLANG_ANALYZER_NUMBER_OBJECT_CONVERSION = YES_AGGRESSIVE;
				CLANG_CXX_LANGUAGE_STANDARD = "gnu++20";
				CLANG_ENABLE_MODULES = YES;
				CLANG_ENABLE_OBJC_ARC = YES;
				CLANG_ENABLE_OBJC_WEAK = YES;
				CLANG_WARN_BLOCK_CAPTURE_AUTORELEASING = YES;
				CLANG_WARN_BOOL_CONVERSION = YES;
				CLANG_WARN_COMMA = YES;
				CLANG_WARN_CONSTANT_CONVERSION = YES;
				CLANG_WARN_DEPRECATED_OBJC_IMPLEMENTATIONS = YES;
				CLANG_WARN_DIRECT_OBJC_ISA_USAGE = YES_ERROR;
				CLANG_WARN_DOCUMENTATION_COMMENTS = YES;
				CLANG_WARN_EMPTY_BODY = YES;
				CLANG_WARN_ENUM_CONVERSION = YES;
				CLANG_WARN_INFINITE_RECURSION = YES;
				CLANG_WARN_INT_CONVERSION = YES;
				CLANG_WARN_NON_LITERAL_NULL_CONVERSION = YES;
				CLANG_WARN_OBJC_IMPLICIT_RETAIN_SELF = YES;
				CLANG_WARN_OBJC_LITERAL_CONVERSION = YES;
				CLANG_WARN_OBJC_ROOT_CLASS = YES_ERROR;
				CLANG_WARN_QUOTED_INCLUDE_IN_FRAMEWORK_HEADER = YES;
				CLANG_WARN_RANGE_LOOP_ANALYSIS = YES;
				CLANG_WARN_STRICT_PROTOTYPES = YES;
				CLANG_WARN_SUSPICIOUS_MOVE = YES;
				CLANG_WARN_UNGUARDED_AVAILABILITY = YES_AGGRESSIVE;
				CLANG_WARN_UNREACHABLE_CODE = YES;
				CLANG_WARN__DUPLICATE_METHOD_MATCH = YES;
				COPY_PHASE_STRIP = NO;
				DEBUG_INFORMATION_FORMAT = "dwarf-with-dsym";
				ENABLE_NS_ASSERTIONS = NO;
				ENABLE_STRICT_OBJC_MSGSEND = YES;
				ENABLE_USER_SCRIPT_SANDBOXING = YES;
				GCC_C_LANGUAGE_STANDARD = gnu17;
				GCC_NO_COMMON_BLOCKS = YES;
				GCC_WARN_64_TO_32_BIT_CONVERSION = YES;
				GCC_WARN_ABOUT_RETURN_TYPE = YES_ERROR;
				GCC_WARN_UNDECLARED_SELECTOR = YES;
				GCC_WARN_UNINITIALIZED_AUTOS = YES_AGGRESSIVE;
				GCC_WARN_UNUSED_FUNCTION = YES;
				GCC_WARN_UNUSED_VARIABLE = YES;
				IPHONEOS_DEPLOYMENT_TARGET = 17.5;
				LOCALIZATION_PREFERS_STRING_CATALOGS = YES;
				MTL_ENABLE_DEBUG_INFO = NO;
				MTL_FAST_MATH = YES;
				SDKROOT = iphoneos;
				SWIFT_COMPILATION_MODE = wholemodule;
				VALIDATE_PRODUCT = YES;
			};
			name = Release;
		};
		6CACD7F72C6279A400601965 /* Debug */ = {
			isa = XCBuildConfiguration;
			buildSettings = {
				ASSETCATALOG_COMPILER_APPICON_NAME = AppIcon;
				ASSETCATALOG_COMPILER_GLOBAL_ACCENT_COLOR_NAME = AccentColor;
				CODE_SIGN_STYLE = Automatic;
				CURRENT_PROJECT_VERSION = 1;
				DEVELOPMENT_ASSET_PATHS = "\"GameDrops/Preview Content\"";
				DEVELOPMENT_TEAM = XEUM6ADZ7C;
				ENABLE_PREVIEWS = YES;
				GENERATE_INFOPLIST_FILE = YES;
				INFOPLIST_KEY_UIApplicationSceneManifest_Generation = YES;
				INFOPLIST_KEY_UIApplicationSupportsIndirectInputEvents = YES;
				INFOPLIST_KEY_UILaunchScreen_Generation = YES;
				INFOPLIST_KEY_UISupportedInterfaceOrientations_iPad = "UIInterfaceOrientationPortrait UIInterfaceOrientationPortraitUpsideDown UIInterfaceOrientationLandscapeLeft UIInterfaceOrientationLandscapeRight";
				INFOPLIST_KEY_UISupportedInterfaceOrientations_iPhone = "UIInterfaceOrientationPortrait UIInterfaceOrientationLandscapeLeft UIInterfaceOrientationLandscapeRight";
				IPHONEOS_DEPLOYMENT_TARGET = 14.0;
				LD_RUNPATH_SEARCH_PATHS = (
					"$(inherited)",
					"@executable_path/Frameworks",
				);
				MARKETING_VERSION = 1.0;
				PRODUCT_BUNDLE_IDENTIFIER = Elboraey.GameDrops;
				PRODUCT_NAME = "$(TARGET_NAME)";
				SWIFT_EMIT_LOC_STRINGS = YES;
				SWIFT_VERSION = 5.0;
				TARGETED_DEVICE_FAMILY = "1,2";
			};
			name = Debug;
		};
		6CACD7F82C6279A400601965 /* Release */ = {
			isa = XCBuildConfiguration;
			buildSettings = {
				ASSETCATALOG_COMPILER_APPICON_NAME = AppIcon;
				ASSETCATALOG_COMPILER_GLOBAL_ACCENT_COLOR_NAME = AccentColor;
				CODE_SIGN_STYLE = Automatic;
				CURRENT_PROJECT_VERSION = 1;
				DEVELOPMENT_ASSET_PATHS = "\"GameDrops/Preview Content\"";
				DEVELOPMENT_TEAM = XEUM6ADZ7C;
				ENABLE_PREVIEWS = YES;
				GENERATE_INFOPLIST_FILE = YES;
				INFOPLIST_KEY_UIApplicationSceneManifest_Generation = YES;
				INFOPLIST_KEY_UIApplicationSupportsIndirectInputEvents = YES;
				INFOPLIST_KEY_UILaunchScreen_Generation = YES;
				INFOPLIST_KEY_UISupportedInterfaceOrientations_iPad = "UIInterfaceOrientationPortrait UIInterfaceOrientationPortraitUpsideDown UIInterfaceOrientationLandscapeLeft UIInterfaceOrientationLandscapeRight";
				INFOPLIST_KEY_UISupportedInterfaceOrientations_iPhone = "UIInterfaceOrientationPortrait UIInterfaceOrientationLandscapeLeft UIInterfaceOrientationLandscapeRight";
				IPHONEOS_DEPLOYMENT_TARGET = 14.0;
				LD_RUNPATH_SEARCH_PATHS = (
					"$(inherited)",
					"@executable_path/Frameworks",
				);
				MARKETING_VERSION = 1.0;
				PRODUCT_BUNDLE_IDENTIFIER = Elboraey.GameDrops;
				PRODUCT_NAME = "$(TARGET_NAME)";
				SWIFT_EMIT_LOC_STRINGS = YES;
				SWIFT_VERSION = 5.0;
				TARGETED_DEVICE_FAMILY = "1,2";
			};
			name = Release;
		};
/* End XCBuildConfiguration section */

/* Begin XCConfigurationList section */
		6CACD7E32C62799C00601965 /* Build configuration list for PBXProject "GameDrops" */ = {
			isa = XCConfigurationList;
			buildConfigurations = (
				6CACD7F42C6279A400601965 /* Debug */,
				6CACD7F52C6279A400601965 /* Release */,
			);
			defaultConfigurationIsVisible = 0;
			defaultConfigurationName = Release;
		};
		6CACD7F62C6279A400601965 /* Build configuration list for PBXNativeTarget "GameDrops" */ = {
			isa = XCConfigurationList;
			buildConfigurations = (
				6CACD7F72C6279A400601965 /* Debug */,
				6CACD7F82C6279A400601965 /* Release */,
			);
			defaultConfigurationIsVisible = 0;
			defaultConfigurationName = Release;
		};
/* End XCConfigurationList section */
	};
	rootObject = 6CACD7E02C62799C00601965 /* Project object */;
}
